// !$*UTF8*$!
{
	archiveVersion = 1;
	classes = {
	};
	objectVersion = 56;
	objects = {

/* Begin PBXBuildFile section */
		001A00001 /* TimeTrackerApp.swift in Sources */ = {isa = PBXBuildFile; fileRef = 001B00001 /* TimeTrackerApp.swift */; };
		001A00002 /* ContentView.swift in Sources */ = {isa = PBXBuildFile; fileRef = 001B00002 /* ContentView.swift */; };
		001A00003 /* Project.swift in Sources */ = {isa = PBXBuildFile; fileRef = 001B00003 /* Project.swift */; };
		001A00004 /* TrackedTask.swift in Sources */ = {isa = PBXBuildFile; fileRef = 001B00004 /* TrackedTask.swift */; };
		001A00005 /* TimeEntry.swift in Sources */ = {isa = PBXBuildFile; fileRef = 001B00005 /* TimeEntry.swift */; };
		001A00006 /* TimeTrackingManager.swift in Sources */ = {isa = PBXBuildFile; fileRef = 001B00006 /* TimeTrackingManager.swift */; };
		001A00007 /* TaskListView.swift in Sources */ = {isa = PBXBuildFile; fileRef = 001B00007 /* TaskListView.swift */; };
		001A00008 /* TaskRowView.swift in Sources */ = {isa = PBXBuildFile; fileRef = 001B00008 /* TaskRowView.swift */; };
		001A00009 /* AddTaskView.swift in Sources */ = {isa = PBXBuildFile; fileRef = 001B00009 /* AddTaskView.swift */; };
		001A00010 /* ProjectManagerView.swift in Sources */ = {isa = PBXBuildFile; fileRef = 001B00010 /* ProjectManagerView.swift */; };
		001A00011 /* HistoryView.swift in Sources */ = {isa = PBXBuildFile; fileRef = 001B00011 /* HistoryView.swift */; };
		001A00012 /* DayDetailView.swift in Sources */ = {isa = PBXBuildFile; fileRef = 001B00012 /* DayDetailView.swift */; };
		001A00013 /* TimeFormatter.swift in Sources */ = {isa = PBXBuildFile; fileRef = 001B00013 /* TimeFormatter.swift */; };
		001A00014 /* Assets.xcassets in Resources */ = {isa = PBXBuildFile; fileRef = 001B00016 /* Assets.xcassets */; };
		001A00015 /* LaunchAtLoginManager.swift in Sources */ = {isa = PBXBuildFile; fileRef = 001B00017 /* LaunchAtLoginManager.swift */; };
		8629B3782F3533D90075A547 /* HourlyTimelineView.swift in Sources */ = {isa = PBXBuildFile; fileRef = 8629B3772F3533D90075A547 /* HourlyTimelineView.swift */; };
		001A00016 /* AppUndoManager.swift in Sources */ = {isa = PBXBuildFile; fileRef = 001B00018 /* AppUndoManager.swift */; };
		001A00017 /* StatsView.swift in Sources */ = {isa = PBXBuildFile; fileRef = 001B00019 /* StatsView.swift */; };
		001A00018 /* SettingsMenuView.swift in Sources */ = {isa = PBXBuildFile; fileRef = 001B00020 /* SettingsMenuView.swift */; };
		001A00019 /* SearchFilterBar.swift in Sources */ = {isa = PBXBuildFile; fileRef = 001B00021 /* SearchFilterBar.swift */; };
/* End PBXBuildFile section */

/* Begin PBXFileReference section */
		001B00001 /* TimeTrackerApp.swift */ = {isa = PBXFileReference; lastKnownFileType = sourcecode.swift; path = TimeTrackerApp.swift; sourceTree = "<group>"; };
		001B00002 /* ContentView.swift */ = {isa = PBXFileReference; lastKnownFileType = sourcecode.swift; path = ContentView.swift; sourceTree = "<group>"; };
		001B00003 /* Project.swift */ = {isa = PBXFileReference; lastKnownFileType = sourcecode.swift; path = Project.swift; sourceTree = "<group>"; };
		001B00004 /* TrackedTask.swift */ = {isa = PBXFileReference; lastKnownFileType = sourcecode.swift; path = TrackedTask.swift; sourceTree = "<group>"; };
		001B00005 /* TimeEntry.swift */ = {isa = PBXFileReference; lastKnownFileType = sourcecode.swift; path = TimeEntry.swift; sourceTree = "<group>"; };
		001B00006 /* TimeTrackingManager.swift */ = {isa = PBXFileReference; lastKnownFileType = sourcecode.swift; path = TimeTrackingManager.swift; sourceTree = "<group>"; };
		001B00007 /* TaskListView.swift */ = {isa = PBXFileReference; lastKnownFileType = sourcecode.swift; path = TaskListView.swift; sourceTree = "<group>"; };
		001B00008 /* TaskRowView.swift */ = {isa = PBXFileReference; lastKnownFileType = sourcecode.swift; path = TaskRowView.swift; sourceTree = "<group>"; };
		001B00009 /* AddTaskView.swift */ = {isa = PBXFileReference; lastKnownFileType = sourcecode.swift; path = AddTaskView.swift; sourceTree = "<group>"; };
		001B00010 /* ProjectManagerView.swift */ = {isa = PBXFileReference; lastKnownFileType = sourcecode.swift; path = ProjectManagerView.swift; sourceTree = "<group>"; };
		001B00011 /* HistoryView.swift */ = {isa = PBXFileReference; lastKnownFileType = sourcecode.swift; path = HistoryView.swift; sourceTree = "<group>"; };
		001B00012 /* DayDetailView.swift */ = {isa = PBXFileReference; lastKnownFileType = sourcecode.swift; path = DayDetailView.swift; sourceTree = "<group>"; };
		001B00013 /* TimeFormatter.swift */ = {isa = PBXFileReference; lastKnownFileType = sourcecode.swift; path = TimeFormatter.swift; sourceTree = "<group>"; };
		001B00014 /* Info.plist */ = {isa = PBXFileReference; lastKnownFileType = text.plist.xml; path = Info.plist; sourceTree = "<group>"; };
		001B00015 /* TimeTracker.entitlements */ = {isa = PBXFileReference; lastKnownFileType = text.plist.entitlements; path = TimeTracker.entitlements; sourceTree = "<group>"; };
		001B00016 /* Assets.xcassets */ = {isa = PBXFileReference; lastKnownFileType = folder.assetcatalog; path = Assets.xcassets; sourceTree = "<group>"; };
		001B00017 /* LaunchAtLoginManager.swift */ = {isa = PBXFileReference; lastKnownFileType = sourcecode.swift; path = LaunchAtLoginManager.swift; sourceTree = "<group>"; };
		001C00001 /* TimeTracker.app */ = {isa = PBXFileReference; explicitFileType = wrapper.application; includeInIndex = 0; path = TimeTracker.app; sourceTree = BUILT_PRODUCTS_DIR; };
		8629B3772F3533D90075A547 /* HourlyTimelineView.swift */ = {isa = PBXFileReference; lastKnownFileType = sourcecode.swift; path = HourlyTimelineView.swift; sourceTree = "<group>"; };
		001B00018 /* AppUndoManager.swift */ = {isa = PBXFileReference; lastKnownFileType = sourcecode.swift; path = AppUndoManager.swift; sourceTree = "<group>"; };
		001B00019 /* StatsView.swift */ = {isa = PBXFileReference; lastKnownFileType = sourcecode.swift; path = StatsView.swift; sourceTree = "<group>"; };
		001B00020 /* SettingsMenuView.swift */ = {isa = PBXFileReference; lastKnownFileType = sourcecode.swift; path = SettingsMenuView.swift; sourceTree = "<group>"; };
		001B00021 /* SearchFilterBar.swift */ = {isa = PBXFileReference; lastKnownFileType = sourcecode.swift; path = SearchFilterBar.swift; sourceTree = "<group>"; };
/* End PBXFileReference section */

/* Begin PBXFrameworksBuildPhase section */
		001D00001 /* Frameworks */ = {
			isa = PBXFrameworksBuildPhase;
			buildActionMask = 2147483647;
			files = (
			);
			runOnlyForDeploymentPostprocessing = 0;
		};
/* End PBXFrameworksBuildPhase section */

/* Begin PBXGroup section */
		001E00001 = {
			isa = PBXGroup;
			children = (
				001E00002 /* TimeTracker */,
				001E00003 /* Products */,
			);
			sourceTree = "<group>";
		};
		001E00002 /* TimeTracker */ = {
			isa = PBXGroup;
			children = (
				001B00001 /* TimeTrackerApp.swift */,
				001B00014 /* Info.plist */,
				001B00015 /* TimeTracker.entitlements */,
				001B00016 /* Assets.xcassets */,
				001E00004 /* Models */,
				001E00005 /* Managers */,
				001E00006 /* Views */,
				001E00007 /* Utilities */,
			);
			path = TimeTracker;
			sourceTree = "<group>";
		};
		001E00003 /* Products */ = {
			isa = PBXGroup;
			children = (
				001C00001 /* TimeTracker.app */,
			);
			name = Products;
			sourceTree = "<group>";
		};
		001E00004 /* Models */ = {
			isa = PBXGroup;
			children = (
				001B00003 /* Project.swift */,
				001B00004 /* TrackedTask.swift */,
				001B00005 /* TimeEntry.swift */,
			);
			path = Models;
			sourceTree = "<group>";
		};
		001E00005 /* Managers */ = {
			isa = PBXGroup;
			children = (
				001B00006 /* TimeTrackingManager.swift */,
			);
			path = Managers;
			sourceTree = "<group>";
		};
		001E00006 /* Views */ = {
			isa = PBXGroup;
			children = (
				001B00002 /* ContentView.swift */,
				001E00008 /* Tasks */,
				001E00009 /* Projects */,
				001E00010 /* History */,
				001E00011 /* Stats */,
			);
			path = Views;
			sourceTree = "<group>";
		};
		001E00007 /* Utilities */ = {
			isa = PBXGroup;
			children = (
				001B00013 /* TimeFormatter.swift */,
				001B00017 /* LaunchAtLoginManager.swift */,
				001B00018 /* AppUndoManager.swift */,
			);
			path = Utilities;
			sourceTree = "<group>";
		};
		001E00008 /* Tasks */ = {
			isa = PBXGroup;
			children = (
				001B00007 /* TaskListView.swift */,
				001B00008 /* TaskRowView.swift */,
				001B00009 /* AddTaskView.swift */,
				001B00020 /* SettingsMenuView.swift */,
				001B00021 /* SearchFilterBar.swift */,
			);
			path = Tasks;
			sourceTree = "<group>";
		};
		001E00009 /* Projects */ = {
			isa = PBXGroup;
			children = (
				001B00010 /* ProjectManagerView.swift */,
			);
			path = Projects;
			sourceTree = "<group>";
		};
		001E00010 /* History */ = {
			isa = PBXGroup;
			children = (
				8629B3772F3533D90075A547 /* HourlyTimelineView.swift */,
				001B00011 /* HistoryView.swift */,
				001B00012 /* DayDetailView.swift */,
			);
			path = History;
			sourceTree = "<group>";
		};
		001E00011 /* Stats */ = {
			isa = PBXGroup;
			children = (
				001B00019 /* StatsView.swift */,
			);
			path = Stats;
			sourceTree = "<group>";
		};
/* End PBXGroup section */

/* Begin PBXNativeTarget section */
		001F00001 /* TimeTracker */ = {
			isa = PBXNativeTarget;
			buildConfigurationList = 002000001 /* Build configuration list for PBXNativeTarget "TimeTracker" */;
			buildPhases = (
				001F00002 /* Sources */,
				001D00001 /* Frameworks */,
				001F00003 /* Resources */,
			);
			buildRules = (
			);
			dependencies = (
			);
			name = TimeTracker;
			productName = TimeTracker;
			productReference = 001C00001 /* TimeTracker.app */;
			productType = "com.apple.product-type.application";
		};
/* End PBXNativeTarget section */

/* Begin PBXProject section */
		002100001 /* Project object */ = {
			isa = PBXProject;
			attributes = {
				BuildIndependentTargetsInParallel = 1;
				LastSwiftUpdateCheck = 1500;
				LastUpgradeCheck = 1500;
				TargetAttributes = {
					001F00001 = {
						CreatedOnToolsVersion = 15.0;
					};
				};
			};
			buildConfigurationList = 002000002 /* Build configuration list for PBXProject "TimeTracker" */;
			compatibilityVersion = "Xcode 14.0";
			developmentRegion = en;
			hasScannedForEncodings = 0;
			knownRegions = (
				en,
				Base,
			);
			mainGroup = 001E00001;
			productRefGroup = 001E00003 /* Products */;
			projectDirPath = "";
			projectRoot = "";
			targets = (
				001F00001 /* TimeTracker */,
			);
		};
/* End PBXProject section */

/* Begin PBXResourcesBuildPhase section */
		001F00003 /* Resources */ = {
			isa = PBXResourcesBuildPhase;
			buildActionMask = 2147483647;
			files = (
				001A00014 /* Assets.xcassets in Resources */,
			);
			runOnlyForDeploymentPostprocessing = 0;
		};
/* End PBXResourcesBuildPhase section */

/* Begin PBXSourcesBuildPhase section */
		001F00002 /* Sources */ = {
			isa = PBXSourcesBuildPhase;
			buildActionMask = 2147483647;
			files = (
				001A00001 /* TimeTrackerApp.swift in Sources */,
				001A00002 /* ContentView.swift in Sources */,
				001A00003 /* Project.swift in Sources */,
				001A00004 /* TrackedTask.swift in Sources */,
				8629B3782F3533D90075A547 /* HourlyTimelineView.swift in Sources */,
				001A00005 /* TimeEntry.swift in Sources */,
				001A00006 /* TimeTrackingManager.swift in Sources */,
				001A00007 /* TaskListView.swift in Sources */,
				001A00008 /* TaskRowView.swift in Sources */,
				001A00009 /* AddTaskView.swift in Sources */,
				001A00010 /* ProjectManagerView.swift in Sources */,
				001A00011 /* HistoryView.swift in Sources */,
				001A00012 /* DayDetailView.swift in Sources */,
				001A00013 /* TimeFormatter.swift in Sources */,
				001A00015 /* LaunchAtLoginManager.swift in Sources */,
				001A00016 /* AppUndoManager.swift in Sources */,
				001A00017 /* StatsView.swift in Sources */,
				001A00018 /* SettingsMenuView.swift in Sources */,
				001A00019 /* SearchFilterBar.swift in Sources */,
			);
			runOnlyForDeploymentPostprocessing = 0;
		};
/* End PBXSourcesBuildPhase section */

/* Begin XCBuildConfiguration section */
		002200001 /* Debug */ = {
			isa = XCBuildConfiguration;
			buildSettings = {
				ALWAYS_SEARCH_USER_PATHS = NO;
				ASSETCATALOG_COMPILER_GENERATE_SWIFT_ASSET_SYMBOL_EXTENSIONS = YES;
				CLANG_ANALYZER_NONNULL = YES;
				CLANG_ANALYZER_NUMBER_OBJECT_CONVERSION = YES_AGGRESSIVE;
				CLANG_CXX_LANGUAGE_STANDARD = "gnu++20";
				CLANG_ENABLE_MODULES = YES;
				CLANG_ENABLE_OBJC_ARC = YES;
				CLANG_ENABLE_OBJC_WEAK = YES;
				CLANG_WARN_BLOCK_CAPTURE_AUTORELEASING = YES;
				CLANG_WARN_BOOL_CONVERSION = YES;
				CLANG_WARN_COMMA = YES;
				CLANG_WARN_CONSTANT_CONVERSION = YES;
				CLANG_WARN_DEPRECATED_OBJC_IMPLEMENTATIONS = YES;
				CLANG_WARN_DIRECT_OBJC_ISA_USAGE = YES_ERROR;
				CLANG_WARN_DOCUMENTATION_COMMENTS = YES;
				CLANG_WARN_EMPTY_BODY = YES;
				CLANG_WARN_ENUM_CONVERSION = YES;
				CLANG_WARN_INFINITE_RECURSION = YES;
				CLANG_WARN_INT_CONVERSION = YES;
				CLANG_WARN_NON_LITERAL_NULL_CONVERSION = YES;
				CLANG_WARN_OBJC_IMPLICIT_RETAIN_SELF = YES;
				CLANG_WARN_OBJC_LITERAL_CONVERSION = YES;
				CLANG_WARN_OBJC_ROOT_CLASS = YES_ERROR;
				CLANG_WARN_QUOTED_INCLUDE_IN_FRAMEWORK_HEADER = YES;
				CLANG_WARN_RANGE_LOOP_ANALYSIS = YES;
				CLANG_WARN_STRICT_PROTOTYPES = YES;
				CLANG_WARN_SUSPICIOUS_MOVE = YES;
				CLANG_WARN_UNGUARDED_AVAILABILITY = YES_AGGRESSIVE;
				CLANG_WARN_UNREACHABLE_CODE = YES;
				CLANG_WARN__DUPLICATE_METHOD_MATCH = YES;
				COPY_PHASE_STRIP = NO;
				DEBUG_INFORMATION_FORMAT = dwarf;
				ENABLE_STRICT_OBJC_MSGSEND = YES;
				ENABLE_TESTABILITY = YES;
				ENABLE_USER_SCRIPT_SANDBOXING = YES;
				GCC_C_LANGUAGE_STANDARD = gnu17;
				GCC_DYNAMIC_NO_PIC = NO;
				GCC_NO_COMMON_BLOCKS = YES;
				GCC_OPTIMIZATION_LEVEL = 0;
				GCC_PREPROCESSOR_DEFINITIONS = (
					"DEBUG=1",
					"$(inherited)",
				);
				GCC_WARN_64_TO_32_BIT_CONVERSION = YES;
				GCC_WARN_ABOUT_RETURN_TYPE = YES_ERROR;
				GCC_WARN_UNDECLARED_SELECTOR = YES;
				GCC_WARN_UNINITIALIZED_AUTOS = YES_AGGRESSIVE;
				GCC_WARN_UNUSED_FUNCTION = YES;
				GCC_WARN_UNUSED_VARIABLE = YES;
				LOCALIZATION_PREFERS_STRING_CATALOGS = YES;
				MACOSX_DEPLOYMENT_TARGET = 14.0;
				MTL_ENABLE_DEBUG_INFO = INCLUDE_SOURCE;
				MTL_FAST_MATH = YES;
				ONLY_ACTIVE_ARCH = YES;
				SDKROOT = macosx;
				SWIFT_ACTIVE_COMPILATION_CONDITIONS = "DEBUG $(inherited)";
				SWIFT_OPTIMIZATION_LEVEL = "-Onone";
			};
			name = Debug;
		};
		002200002 /* Release */ = {
			isa = XCBuildConfiguration;
			buildSettings = {
				ALWAYS_SEARCH_USER_PATHS = NO;
				ASSETCATALOG_COMPILER_GENERATE_SWIFT_ASSET_SYMBOL_EXTENSIONS = YES;
				CLANG_ANALYZER_NONNULL = YES;
				CLANG_ANALYZER_NUMBER_OBJECT_CONVERSION = YES_AGGRESSIVE;
				CLANG_CXX_LANGUAGE_STANDARD = "gnu++20";
				CLANG_ENABLE_MODULES = YES;
				CLANG_ENABLE_OBJC_ARC = YES;
				CLANG_ENABLE_OBJC_WEAK = YES;
				CLANG_WARN_BLOCK_CAPTURE_AUTORELEASING = YES;
				CLANG_WARN_BOOL_CONVERSION = YES;
				CLANG_WARN_COMMA = YES;
				CLANG_WARN_CONSTANT_CONVERSION = YES;
				CLANG_WARN_DEPRECATED_OBJC_IMPLEMENTATIONS = YES;
				CLANG_WARN_DIRECT_OBJC_ISA_USAGE = YES_ERROR;
				CLANG_WARN_DOCUMENTATION_COMMENTS = YES;
				CLANG_WARN_EMPTY_BODY = YES;
				CLANG_WARN_ENUM_CONVERSION = YES;
				CLANG_WARN_INFINITE_RECURSION = YES;
				CLANG_WARN_INT_CONVERSION = YES;
				CLANG_WARN_NON_LITERAL_NULL_CONVERSION = YES;
				CLANG_WARN_OBJC_IMPLICIT_RETAIN_SELF = YES;
				CLANG_WARN_OBJC_LITERAL_CONVERSION = YES;
				CLANG_WARN_OBJC_ROOT_CLASS = YES_ERROR;
				CLANG_WARN_QUOTED_INCLUDE_IN_FRAMEWORK_HEADER = YES;
				CLANG_WARN_RANGE_LOOP_ANALYSIS = YES;
				CLANG_WARN_STRICT_PROTOTYPES = YES;
				CLANG_WARN_SUSPICIOUS_MOVE = YES;
				CLANG_WARN_UNGUARDED_AVAILABILITY = YES_AGGRESSIVE;
				CLANG_WARN_UNREACHABLE_CODE = YES;
				CLANG_WARN__DUPLICATE_METHOD_MATCH = YES;
				COPY_PHASE_STRIP = NO;
				DEBUG_INFORMATION_FORMAT = "dwarf-with-dsym";
				ENABLE_NS_ASSERTIONS = NO;
				ENABLE_STRICT_OBJC_MSGSEND = YES;
				ENABLE_USER_SCRIPT_SANDBOXING = YES;
				GCC_C_LANGUAGE_STANDARD = gnu17;
				GCC_NO_COMMON_BLOCKS = YES;
				GCC_WARN_64_TO_32_BIT_CONVERSION = YES;
				GCC_WARN_ABOUT_RETURN_TYPE = YES_ERROR;
				GCC_WARN_UNDECLARED_SELECTOR = YES;
				GCC_WARN_UNINITIALIZED_AUTOS = YES_AGGRESSIVE;
				GCC_WARN_UNUSED_FUNCTION = YES;
				GCC_WARN_UNUSED_VARIABLE = YES;
				LOCALIZATION_PREFERS_STRING_CATALOGS = YES;
				MACOSX_DEPLOYMENT_TARGET = 14.0;
				MTL_ENABLE_DEBUG_INFO = NO;
				MTL_FAST_MATH = YES;
				SDKROOT = macosx;
				SWIFT_COMPILATION_MODE = wholemodule;
			};
			name = Release;
		};
		002200003 /* Debug */ = {
			isa = XCBuildConfiguration;
			buildSettings = {
				ASSETCATALOG_COMPILER_APPICON_NAME = AppIcon;
				ASSETCATALOG_COMPILER_GLOBAL_ACCENT_COLOR_NAME = AccentColor;
				CODE_SIGN_ENTITLEMENTS = TimeTracker/TimeTracker.entitlements;
				CODE_SIGN_STYLE = Automatic;
				COMBINE_HIDPI_IMAGES = YES;
				CURRENT_PROJECT_VERSION = 1;
				DEVELOPMENT_TEAM = "";
				ENABLE_HARDENED_RUNTIME = YES;
				GENERATE_INFOPLIST_FILE = NO;
				INFOPLIST_FILE = TimeTracker/Info.plist;
				INFOPLIST_KEY_NSHumanReadableCopyright = "";
				LD_RUNPATH_SEARCH_PATHS = (
					"$(inherited)",
					"@executable_path/../Frameworks",
				);
				MARKETING_VERSION = 1.0;
				PRODUCT_BUNDLE_IDENTIFIER = com.timetracker.app;
				PRODUCT_NAME = "$(TARGET_NAME)";
				SWIFT_EMIT_LOC_STRINGS = YES;
				SWIFT_VERSION = 5.0;
			};
			name = Debug;
		};
		002200004 /* Release */ = {
			isa = XCBuildConfiguration;
			buildSettings = {
				ASSETCATALOG_COMPILER_APPICON_NAME = AppIcon;
				ASSETCATALOG_COMPILER_GLOBAL_ACCENT_COLOR_NAME = AccentColor;
				CODE_SIGN_ENTITLEMENTS = TimeTracker/TimeTracker.entitlements;
				CODE_SIGN_STYLE = Automatic;
				COMBINE_HIDPI_IMAGES = YES;
				CURRENT_PROJECT_VERSION = 1;
				DEVELOPMENT_TEAM = "";
				ENABLE_HARDENED_RUNTIME = YES;
				GENERATE_INFOPLIST_FILE = NO;
				INFOPLIST_FILE = TimeTracker/Info.plist;
				INFOPLIST_KEY_NSHumanReadableCopyright = "";
				LD_RUNPATH_SEARCH_PATHS = (
					"$(inherited)",
					"@executable_path/../Frameworks",
				);
				MARKETING_VERSION = 1.0;
				PRODUCT_BUNDLE_IDENTIFIER = com.timetracker.app;
				PRODUCT_NAME = "$(TARGET_NAME)";
				SWIFT_EMIT_LOC_STRINGS = YES;
				SWIFT_VERSION = 5.0;
			};
			name = Release;
		};
/* End XCBuildConfiguration section */

/* Begin XCConfigurationList section */
		002000001 /* Build configuration list for PBXNativeTarget "TimeTracker" */ = {
			isa = XCConfigurationList;
			buildConfigurations = (
				002200003 /* Debug */,
				002200004 /* Release */,
			);
			defaultConfigurationIsVisible = 0;
			defaultConfigurationName = Release;
		};
		002000002 /* Build configuration list for PBXProject "TimeTracker" */ = {
			isa = XCConfigurationList;
			buildConfigurations = (
				002200001 /* Debug */,
				002200002 /* Release */,
			);
			defaultConfigurationIsVisible = 0;
			defaultConfigurationName = Release;
		};
/* End XCConfigurationList section */
	};
	rootObject = 002100001 /* Project object */;
}
